
Microsoft Visual Studio Solution File, Format Version 12.00
# Visual Studio Version 17
VisualStudioVersion = 17.2.32630.192
MinimumVisualStudioVersion = 10.0.40219.1
Project("{FAE04EC0-301F-11D3-BF4B-00C04F79EFBC}") = "Shallow.API", "Shallow.API\Shallow.API.csproj", "{5400A73A-CE71-4696-9FF3-27E80BA4F791}"
EndProject
Project("{54435603-DBB4-11D2-8724-00A0C9A8B90C}") = "Shallow.Setup", "Shallow.Setup\Shallow.Setup.vdproj", "{8BF9547B-7DA4-4304-B364-13047F024F1F}"
EndProject
Project("{FAE04EC0-301F-11D3-BF4B-00C04F79EFBC}") = "Shallow.Desktop", "Shallow.Desktop\Shallow.Desktop.csproj", "{C4267BB4-C594-4A7E-88DD-73A62B990C29}"
EndProject
Project("{FAE04EC0-301F-11D3-BF4B-00C04F79EFBC}") = "Shallow.Model", "Shallow.Model\Shallow.Model.csproj", "{C657E74B-10A9-465B-B181-C940E7979E61}"
EndProject
Global
	GlobalSection(SolutionConfigurationPlatforms) = preSolution
		Debug|Any CPU = Debug|Any CPU
		Release|Any CPU = Release|Any CPU
	EndGlobalSection
	GlobalSection(ProjectConfigurationPlatforms) = postSolution
		{5400A73A-CE71-4696-9FF3-27E80BA4F791}.Debug|Any CPU.ActiveCfg = Debug|Any CPU
		{5400A73A-CE71-4696-9FF3-27E80BA4F791}.Debug|Any CPU.Build.0 = Debug|Any CPU
		{5400A73A-CE71-4696-9FF3-27E80BA4F791}.Release|Any CPU.ActiveCfg = Release|Any CPU
		{5400A73A-CE71-4696-9FF3-27E80BA4F791}.Release|Any CPU.Build.0 = Release|Any CPU
		{8BF9547B-7DA4-4304-B364-13047F024F1F}.Debug|Any CPU.ActiveCfg = Debug
		{8BF9547B-7DA4-4304-B364-13047F024F1F}.Release|Any CPU.ActiveCfg = Release
		{C4267BB4-C594-4A7E-88DD-73A62B990C29}.Debug|Any CPU.ActiveCfg = Debug|Any CPU
		{C4267BB4-C594-4A7E-88DD-73A62B990C29}.Debug|Any CPU.Build.0 = Debug|Any CPU
		{C4267BB4-C594-4A7E-88DD-73A62B990C29}.Release|Any CPU.ActiveCfg = Release|Any CPU
		{C4267BB4-C594-4A7E-88DD-73A62B990C29}.Release|Any CPU.Build.0 = Release|Any CPU
		{C657E74B-10A9-465B-B181-C940E7979E61}.Debug|Any CPU.ActiveCfg = Debug|Any CPU
		{C657E74B-10A9-465B-B181-C940E7979E61}.Debug|Any CPU.Build.0 = Debug|Any CPU
		{C657E74B-10A9-465B-B181-C940E7979E61}.Release|Any CPU.ActiveCfg = Release|Any CPU
		{C657E74B-10A9-465B-B181-C940E7979E61}.Release|Any CPU.Build.0 = Release|Any CPU
	EndGlobalSection
	GlobalSection(SolutionProperties) = preSolution
		HideSolutionNode = FALSE
	EndGlobalSection
	GlobalSection(ExtensibilityGlobals) = postSolution
		SolutionGuid = {4D134B7C-1984-40F7-89D6-FBA125D97736}
	EndGlobalSection
EndGlobal
