
Microsoft Visual Studio Solution File, Format Version 12.00
# Visual Studio Version 17
VisualStudioVersion = 17.2.32630.192
MinimumVisualStudioVersion = 10.0.40219.1
Project("{FAE04EC0-301F-11D3-BF4B-00C04F79EFBC}") = "WpfApp1", "WpfApp1\WpfApp1.csproj", "{C4267BB4-C594-4A7E-88DD-73A62B990C29}"
EndProject
Global
	GlobalSection(SolutionConfigurationPlatforms) = preSolution
		Debug|Any CPU = Debug|Any CPU
		Release|Any CPU = Release|Any CPU
	EndGlobalSection
	GlobalSection(ProjectConfigurationPlatforms) = postSolution
		{C4267BB4-C594-4A7E-88DD-73A62B990C29}.Debug|Any CPU.ActiveCfg = Debug|Any CPU
		{C4267BB4-C594-4A7E-88DD-73A62B990C29}.Debug|Any CPU.Build.0 = Debug|Any CPU
		{C4267BB4-C594-4A7E-88DD-73A62B990C29}.Release|Any CPU.ActiveCfg = Release|Any CPU
		{C4267BB4-C594-4A7E-88DD-73A62B990C29}.Release|Any CPU.Build.0 = Release|Any CPU
	EndGlobalSection
	GlobalSection(SolutionProperties) = preSolution
		HideSolutionNode = FALSE
	EndGlobalSection
	GlobalSection(ExtensibilityGlobals) = postSolution
		SolutionGuid = {4D134B7C-1984-40F7-89D6-FBA125D97736}
	EndGlobalSection
EndGlobal
